{
  "name": "next.js-starter-project",
  "version": "1.0.0",
  "lockfileVersion": 1,
  "requires": true,
  "dependencies": {
    "classnames": {
      "version": "2.2.6",
      "resolved": "https://registry.npmjs.org/classnames/-/classnames-2.2.6.tgz",
      "integrity": "sha512-JR/iSQOSt+LQIWwrwEzJ9uk0xfN3mTVYMwt1Ir5mUcSN6pU+V4zQFFaJsclJbPuAUQH+yfWef6tm7l1quW3C8Q=="
    },
    "consecutive": {
      "version": "5.0.4",
      "resolved": "https://registry.npmjs.org/consecutive/-/consecutive-5.0.4.tgz",
      "integrity": "sha1-RdJtRgT1UeWm20d/nXmb7DOi8AU="
    },
    "create-react-context": {
      "version": "0.1.6",
      "resolved": "https://registry.npmjs.org/create-react-context/-/create-react-context-0.1.6.tgz",
      "integrity": "sha512-eCnYYEUEc5i32LHwpE/W7NlddOB9oHwsPaWtWzYtflNkkwa3IfindIcoXdVWs12zCbwaMCavKNu84EXogVIWHw=="
    },
    "react-accessible-accordion": {
      "version": "2.4.4",
      "resolved": "https://registry.npmjs.org/react-accessible-accordion/-/react-accessible-accordion-2.4.4.tgz",
      "integrity": "sha512-53U2SYk6T6PLjj/NJZLo6vO/7S9GlKkm6mtxjuk2P0Qj3mlRziuL0uYHT2KfC09/4YwngSZg+3OQXubGrTApgw==",
      "requires": {
        "classnames": "2.2.6",
        "consecutive": "5.0.4",
        "unstated": "2.1.1"
      }
    },
    "react-anchor-link-smooth-scroll": {
      "version": "1.0.11",
      "resolved": "https://registry.npmjs.org/react-anchor-link-smooth-scroll/-/react-anchor-link-smooth-scroll-1.0.11.tgz",
      "integrity": "sha512-PaAFtqs00eXbbYPTaiG7sEL2EkVfs+PiarzMnMN66JQWamORiNOzyhumW2tImKeKFUZeFdifqz9iJy/2e4RLnw=="
    },
    "unstated": {
      "version": "2.1.1",
      "resolved": "https://registry.npmjs.org/unstated/-/unstated-2.1.1.tgz",
      "integrity": "sha512-fORlTWMZxq7NuMJDxyIrrYIZKN7wEWYQ9SiaJfIRcSpsowr6Ph/JIfK2tgtXLW614JfPG/t5q9eEIhXRCf55xg==",
      "requires": {
        "create-react-context": "0.1.6"
      }
    }
  }
}
